
Microsoft Visual Studio Solution File, Format Version 12.00
# Visual Studio Version 16
VisualStudioVersion = 16.0.30114.105
MinimumVisualStudioVersion = 10.0.40219.1
Project("{2150E333-8FDC-42A3-9474-1A3956D46DE8}") = "csharp", "csharp", "{E87778E9-86AD-472D-ABC2-1006BA4745C9}"
EndProject
Project("{2150E333-8FDC-42A3-9474-1A3956D46DE8}") = "src", "src", "{9B90C239-8AFA-4596-92BB-3EC8A643E122}"
EndProject
Project("{FAE04EC0-301F-11D3-BF4B-00C04F79EFBC}") = "DotnetCheckers.Core", "csharp\src\DotnetCheckers.Core\DotnetCheckers.Core.csproj", "{B74D7D00-170E-4DFC-B9CB-6A7B61CA9D2C}"
EndProject
Project("{2150E333-8FDC-42A3-9474-1A3956D46DE8}") = "fsharp", "fsharp", "{A2BE3447-1B08-4B9D-BE08-1954A5088E41}"
EndProject
Project("{2150E333-8FDC-42A3-9474-1A3956D46DE8}") = "src", "src", "{41E4F0B4-F7C1-4579-B26D-4DF93A479786}"
EndProject
Project("{F2A71F9B-5D33-465A-A702-920D77279786}") = "DotnetCheckers.Core", "fsharp\src\DotnetCheckers.Core\DotnetCheckers.Core.fsproj", "{EF6B4A26-FE56-4733-B8BF-12E80CD58E17}"
EndProject
Project("{2150E333-8FDC-42A3-9474-1A3956D46DE8}") = "test", "test", "{E6C9C287-45DB-4ACA-B969-3424BF902778}"
EndProject
Project("{F2A71F9B-5D33-465A-A702-920D77279786}") = "DotnetCheckers.Core.Tests", "fsharp\test\DotnetCheckers.Core.Tests\DotnetCheckers.Core.Tests.fsproj", "{B314DCC5-618B-432D-9977-FAD5FC301E84}"
EndProject
Project("{2150E333-8FDC-42A3-9474-1A3956D46DE8}") = "test", "test", "{E2C385C3-2863-4652-9940-EE9EAE980C8E}"
EndProject
Project("{FAE04EC0-301F-11D3-BF4B-00C04F79EFBC}") = "DotnetCheckers.Core.Tests", "csharp\test\DotnetCheckers.Core.Tests\DotnetCheckers.Core.Tests.csproj", "{57D772C2-D4B9-47D3-A530-121C9D63AD30}"
EndProject
Global
	GlobalSection(SolutionConfigurationPlatforms) = preSolution
		Debug|Any CPU = Debug|Any CPU
		Release|Any CPU = Release|Any CPU
	EndGlobalSection
	GlobalSection(SolutionProperties) = preSolution
		HideSolutionNode = FALSE
	EndGlobalSection
	GlobalSection(ProjectConfigurationPlatforms) = postSolution
		{B74D7D00-170E-4DFC-B9CB-6A7B61CA9D2C}.Debug|Any CPU.ActiveCfg = Debug|Any CPU
		{B74D7D00-170E-4DFC-B9CB-6A7B61CA9D2C}.Debug|Any CPU.Build.0 = Debug|Any CPU
		{B74D7D00-170E-4DFC-B9CB-6A7B61CA9D2C}.Release|Any CPU.ActiveCfg = Release|Any CPU
		{B74D7D00-170E-4DFC-B9CB-6A7B61CA9D2C}.Release|Any CPU.Build.0 = Release|Any CPU
		{EF6B4A26-FE56-4733-B8BF-12E80CD58E17}.Debug|Any CPU.ActiveCfg = Debug|Any CPU
		{EF6B4A26-FE56-4733-B8BF-12E80CD58E17}.Debug|Any CPU.Build.0 = Debug|Any CPU
		{EF6B4A26-FE56-4733-B8BF-12E80CD58E17}.Release|Any CPU.ActiveCfg = Release|Any CPU
		{EF6B4A26-FE56-4733-B8BF-12E80CD58E17}.Release|Any CPU.Build.0 = Release|Any CPU
		{B314DCC5-618B-432D-9977-FAD5FC301E84}.Debug|Any CPU.ActiveCfg = Debug|Any CPU
		{B314DCC5-618B-432D-9977-FAD5FC301E84}.Debug|Any CPU.Build.0 = Debug|Any CPU
		{B314DCC5-618B-432D-9977-FAD5FC301E84}.Release|Any CPU.ActiveCfg = Release|Any CPU
		{B314DCC5-618B-432D-9977-FAD5FC301E84}.Release|Any CPU.Build.0 = Release|Any CPU
		{57D772C2-D4B9-47D3-A530-121C9D63AD30}.Debug|Any CPU.ActiveCfg = Debug|Any CPU
		{57D772C2-D4B9-47D3-A530-121C9D63AD30}.Debug|Any CPU.Build.0 = Debug|Any CPU
		{57D772C2-D4B9-47D3-A530-121C9D63AD30}.Release|Any CPU.ActiveCfg = Release|Any CPU
		{57D772C2-D4B9-47D3-A530-121C9D63AD30}.Release|Any CPU.Build.0 = Release|Any CPU
	EndGlobalSection
	GlobalSection(NestedProjects) = preSolution
		{9B90C239-8AFA-4596-92BB-3EC8A643E122} = {E87778E9-86AD-472D-ABC2-1006BA4745C9}
		{B74D7D00-170E-4DFC-B9CB-6A7B61CA9D2C} = {9B90C239-8AFA-4596-92BB-3EC8A643E122}
		{41E4F0B4-F7C1-4579-B26D-4DF93A479786} = {A2BE3447-1B08-4B9D-BE08-1954A5088E41}
		{EF6B4A26-FE56-4733-B8BF-12E80CD58E17} = {41E4F0B4-F7C1-4579-B26D-4DF93A479786}
		{E6C9C287-45DB-4ACA-B969-3424BF902778} = {A2BE3447-1B08-4B9D-BE08-1954A5088E41}
		{B314DCC5-618B-432D-9977-FAD5FC301E84} = {E6C9C287-45DB-4ACA-B969-3424BF902778}
		{E2C385C3-2863-4652-9940-EE9EAE980C8E} = {E87778E9-86AD-472D-ABC2-1006BA4745C9}
		{57D772C2-D4B9-47D3-A530-121C9D63AD30} = {E2C385C3-2863-4652-9940-EE9EAE980C8E}
	EndGlobalSection
EndGlobal
